
Microsoft Visual Studio Solution File, Format Version 12.00
# Visual Studio Version 17
VisualStudioVersion = 17.13.35931.197 d17.13
MinimumVisualStudioVersion = 10.0.40219.1
Project("{FAE04EC0-301F-11D3-BF4B-00C04F79EFBC}") = "gestion_etudient", "gestion_etudient\gestion_etudient.csproj", "{4EB9F70F-F98C-4737-80A8-3DB4C1CB774F}"
EndProject
Global
	GlobalSection(SolutionConfigurationPlatforms) = preSolution
		Debug|Any CPU = Debug|Any CPU
		Release|Any CPU = Release|Any CPU
	EndGlobalSection
	GlobalSection(ProjectConfigurationPlatforms) = postSolution
		{4EB9F70F-F98C-4737-80A8-3DB4C1CB774F}.Debug|Any CPU.ActiveCfg = Debug|Any CPU
		{4EB9F70F-F98C-4737-80A8-3DB4C1CB774F}.Debug|Any CPU.Build.0 = Debug|Any CPU
		{4EB9F70F-F98C-4737-80A8-3DB4C1CB774F}.Release|Any CPU.ActiveCfg = Release|Any CPU
		{4EB9F70F-F98C-4737-80A8-3DB4C1CB774F}.Release|Any CPU.Build.0 = Release|Any CPU
	EndGlobalSection
	GlobalSection(SolutionProperties) = preSolution
		HideSolutionNode = FALSE
	EndGlobalSection
	GlobalSection(ExtensibilityGlobals) = postSolution
		SolutionGuid = {94B3ECFE-03F7-435A-BBE5-229321DB82D9}
	EndGlobalSection
EndGlobal
